
Microsoft Visual Studio Solution File, Format Version 12.00
# Visual Studio Version 16
VisualStudioVersion = 16.0.29613.14
MinimumVisualStudioVersion = 10.0.40219.1
Project("{FAE04EC0-301F-11D3-BF4B-00C04F79EFBC}") = "TahirMvc123", "TahirMvc123\TahirMvc123.csproj", "{EAE547B1-A618-4B25-B43E-7390920FC3D6}"
EndProject
Global
	GlobalSection(SolutionConfigurationPlatforms) = preSolution
		Debug|Any CPU = Debug|Any CPU
		Release|Any CPU = Release|Any CPU
	EndGlobalSection
	GlobalSection(ProjectConfigurationPlatforms) = postSolution
		{EAE547B1-A618-4B25-B43E-7390920FC3D6}.Debug|Any CPU.ActiveCfg = Debug|Any CPU
		{EAE547B1-A618-4B25-B43E-7390920FC3D6}.Debug|Any CPU.Build.0 = Debug|Any CPU
		{EAE547B1-A618-4B25-B43E-7390920FC3D6}.Release|Any CPU.ActiveCfg = Release|Any CPU
		{EAE547B1-A618-4B25-B43E-7390920FC3D6}.Release|Any CPU.Build.0 = Release|Any CPU
	EndGlobalSection
	GlobalSection(SolutionProperties) = preSolution
		HideSolutionNode = FALSE
	EndGlobalSection
	GlobalSection(ExtensibilityGlobals) = postSolution
		SolutionGuid = {D5253D0F-0272-41D7-8B3B-91BFADE82CE3}
	EndGlobalSection
EndGlobal
